
Microsoft Visual Studio Solution File, Format Version 12.00
# Visual Studio Version 16
VisualStudioVersion = 16.0.30011.22
MinimumVisualStudioVersion = 10.0.40219.1
Project("{FAE04EC0-301F-11D3-BF4B-00C04F79EFBC}") = "Unittest", "Unittest\Unittest.csproj", "{DFEF8D5B-0158-4D19-B841-575ECBB1C0FF}"
EndProject
Global
	GlobalSection(SolutionConfigurationPlatforms) = preSolution
		Debug|Any CPU = Debug|Any CPU
		Release|Any CPU = Release|Any CPU
	EndGlobalSection
	GlobalSection(ProjectConfigurationPlatforms) = postSolution
		{DFEF8D5B-0158-4D19-B841-575ECBB1C0FF}.Debug|Any CPU.ActiveCfg = Debug|Any CPU
		{DFEF8D5B-0158-4D19-B841-575ECBB1C0FF}.Debug|Any CPU.Build.0 = Debug|Any CPU
		{DFEF8D5B-0158-4D19-B841-575ECBB1C0FF}.Release|Any CPU.ActiveCfg = Release|Any CPU
		{DFEF8D5B-0158-4D19-B841-575ECBB1C0FF}.Release|Any CPU.Build.0 = Release|Any CPU
	EndGlobalSection
	GlobalSection(SolutionProperties) = preSolution
		HideSolutionNode = FALSE
	EndGlobalSection
	GlobalSection(ExtensibilityGlobals) = postSolution
		SolutionGuid = {4703BF6B-6B70-4E0B-B37E-C59A4269AFBB}
	EndGlobalSection
EndGlobal
